// !$*UTF8*$!
{
	archiveVersion = 1;
	classes = {
	};
	objectVersion = 55;
	objects = {

/* Begin PBXBuildFile section */
		7818FFEF289BEC6B00ABDB39 /* DateRangeSelector.h in Headers */ = {isa = PBXBuildFile; fileRef = 7818FFEE289BEC6B00ABDB39 /* DateRangeSelector.h */; settings = {ATTRIBUTES = (Public, ); }; };
		787EED3D289BECBD0089A028 /* CalendarView.xib in Resources */ = {isa = PBXBuildFile; fileRef = 787EED32289BECBD0089A028 /* CalendarView.xib */; };
		787EED3E289BECBD0089A028 /* MonthCollectionCell.swift in Sources */ = {isa = PBXBuildFile; fileRef = 787EED34289BECBD0089A028 /* MonthCollectionCell.swift */; };
		787EED3F289BECBD0089A028 /* MonthCollectionCell.xib in Resources */ = {isa = PBXBuildFile; fileRef = 787EED35289BECBD0089A028 /* MonthCollectionCell.xib */; };
		787EED40289BECBD0089A028 /* DayCollectionCell.swift in Sources */ = {isa = PBXBuildFile; fileRef = 787EED36289BECBD0089A028 /* DayCollectionCell.swift */; };
		787EED41289BECBD0089A028 /* DayCollectionCell.xib in Resources */ = {isa = PBXBuildFile; fileRef = 787EED37289BECBD0089A028 /* DayCollectionCell.xib */; };
		787EED42289BECBD0089A028 /* Extensions.swift in Sources */ = {isa = PBXBuildFile; fileRef = 787EED38289BECBD0089A028 /* Extensions.swift */; };
		787EED43289BECBD0089A028 /* WeekHeaderView.xib in Resources */ = {isa = PBXBuildFile; fileRef = 787EED39289BECBD0089A028 /* WeekHeaderView.xib */; };
		787EED44289BECBD0089A028 /* CalendarLogic.swift in Sources */ = {isa = PBXBuildFile; fileRef = 787EED3A289BECBD0089A028 /* CalendarLogic.swift */; };
		787EED45289BECBD0089A028 /* WeekHeaderView.swift in Sources */ = {isa = PBXBuildFile; fileRef = 787EED3B289BECBD0089A028 /* WeekHeaderView.swift */; };
		787EED46289BECBD0089A028 /* CalendarView.swift in Sources */ = {isa = PBXBuildFile; fileRef = 787EED3C289BECBD0089A028 /* CalendarView.swift */; };
/* End PBXBuildFile section */

/* Begin PBXFileReference section */
		7818FFEB289BEC6B00ABDB39 /* DateRangeSelector.framework */ = {isa = PBXFileReference; explicitFileType = wrapper.framework; includeInIndex = 0; path = DateRangeSelector.framework; sourceTree = BUILT_PRODUCTS_DIR; };
		7818FFEE289BEC6B00ABDB39 /* DateRangeSelector.h */ = {isa = PBXFileReference; lastKnownFileType = sourcecode.c.h; path = DateRangeSelector.h; sourceTree = "<group>"; };
		787EED32289BECBD0089A028 /* CalendarView.xib */ = {isa = PBXFileReference; fileEncoding = 4; lastKnownFileType = file.xib; path = CalendarView.xib; sourceTree = "<group>"; };
		787EED34289BECBD0089A028 /* MonthCollectionCell.swift */ = {isa = PBXFileReference; fileEncoding = 4; lastKnownFileType = sourcecode.swift; path = MonthCollectionCell.swift; sourceTree = "<group>"; };
		787EED35289BECBD0089A028 /* MonthCollectionCell.xib */ = {isa = PBXFileReference; fileEncoding = 4; lastKnownFileType = file.xib; path = MonthCollectionCell.xib; sourceTree = "<group>"; };
		787EED36289BECBD0089A028 /* DayCollectionCell.swift */ = {isa = PBXFileReference; fileEncoding = 4; lastKnownFileType = sourcecode.swift; path = DayCollectionCell.swift; sourceTree = "<group>"; };
		787EED37289BECBD0089A028 /* DayCollectionCell.xib */ = {isa = PBXFileReference; fileEncoding = 4; lastKnownFileType = file.xib; path = DayCollectionCell.xib; sourceTree = "<group>"; };
		787EED38289BECBD0089A028 /* Extensions.swift */ = {isa = PBXFileReference; fileEncoding = 4; lastKnownFileType = sourcecode.swift; path = Extensions.swift; sourceTree = "<group>"; };
		787EED39289BECBD0089A028 /* WeekHeaderView.xib */ = {isa = PBXFileReference; fileEncoding = 4; lastKnownFileType = file.xib; path = WeekHeaderView.xib; sourceTree = "<group>"; };
		787EED3A289BECBD0089A028 /* CalendarLogic.swift */ = {isa = PBXFileReference; fileEncoding = 4; lastKnownFileType = sourcecode.swift; path = CalendarLogic.swift; sourceTree = "<group>"; };
		787EED3B289BECBD0089A028 /* WeekHeaderView.swift */ = {isa = PBXFileReference; fileEncoding = 4; lastKnownFileType = sourcecode.swift; path = WeekHeaderView.swift; sourceTree = "<group>"; };
		787EED3C289BECBD0089A028 /* CalendarView.swift */ = {isa = PBXFileReference; fileEncoding = 4; lastKnownFileType = sourcecode.swift; path = CalendarView.swift; sourceTree = "<group>"; };
/* End PBXFileReference section */

/* Begin PBXFrameworksBuildPhase section */
		7818FFE8289BEC6B00ABDB39 /* Frameworks */ = {
			isa = PBXFrameworksBuildPhase;
			buildActionMask = 2147483647;
			files = (
			);
			runOnlyForDeploymentPostprocessing = 0;
		};
/* End PBXFrameworksBuildPhase section */

/* Begin PBXGroup section */
		7818FFE1289BEC6B00ABDB39 = {
			isa = PBXGroup;
			children = (
				7818FFED289BEC6B00ABDB39 /* DateRangeSelector */,
				78F7AFBF289BED08003D05AC /* SupportingFiles */,
				7818FFEC289BEC6B00ABDB39 /* Products */,
			);
			sourceTree = "<group>";
		};
		7818FFEC289BEC6B00ABDB39 /* Products */ = {
			isa = PBXGroup;
			children = (
				7818FFEB289BEC6B00ABDB39 /* DateRangeSelector.framework */,
			);
			name = Products;
			sourceTree = "<group>";
		};
		7818FFED289BEC6B00ABDB39 /* DateRangeSelector */ = {
			isa = PBXGroup;
			children = (
				787EED31289BECBD0089A028 /* CalendarKit */,
			);
			path = DateRangeSelector;
			sourceTree = "<group>";
		};
		787EED31289BECBD0089A028 /* CalendarKit */ = {
			isa = PBXGroup;
			children = (
				787EED32289BECBD0089A028 /* CalendarView.xib */,
				787EED33289BECBD0089A028 /* CollectionViewCell */,
				787EED38289BECBD0089A028 /* Extensions.swift */,
				787EED39289BECBD0089A028 /* WeekHeaderView.xib */,
				787EED3A289BECBD0089A028 /* CalendarLogic.swift */,
				787EED3B289BECBD0089A028 /* WeekHeaderView.swift */,
				787EED3C289BECBD0089A028 /* CalendarView.swift */,
			);
			path = CalendarKit;
			sourceTree = "<group>";
		};
		787EED33289BECBD0089A028 /* CollectionViewCell */ = {
			isa = PBXGroup;
			children = (
				787EED34289BECBD0089A028 /* MonthCollectionCell.swift */,
				787EED35289BECBD0089A028 /* MonthCollectionCell.xib */,
				787EED36289BECBD0089A028 /* DayCollectionCell.swift */,
				787EED37289BECBD0089A028 /* DayCollectionCell.xib */,
			);
			path = CollectionViewCell;
			sourceTree = "<group>";
		};
		78F7AFBF289BED08003D05AC /* SupportingFiles */ = {
			isa = PBXGroup;
			children = (
				7818FFEE289BEC6B00ABDB39 /* DateRangeSelector.h */,
			);
			path = SupportingFiles;
			sourceTree = "<group>";
		};
/* End PBXGroup section */

/* Begin PBXHeadersBuildPhase section */
		7818FFE6289BEC6B00ABDB39 /* Headers */ = {
			isa = PBXHeadersBuildPhase;
			buildActionMask = 2147483647;
			files = (
				7818FFEF289BEC6B00ABDB39 /* DateRangeSelector.h in Headers */,
			);
			runOnlyForDeploymentPostprocessing = 0;
		};
/* End PBXHeadersBuildPhase section */

/* Begin PBXNativeTarget section */
		7818FFEA289BEC6B00ABDB39 /* DateRangeSelector */ = {
			isa = PBXNativeTarget;
			buildConfigurationList = 7818FFF2289BEC6B00ABDB39 /* Build configuration list for PBXNativeTarget "DateRangeSelector" */;
			buildPhases = (
				7818FFE6289BEC6B00ABDB39 /* Headers */,
				7818FFE7289BEC6B00ABDB39 /* Sources */,
				7818FFE8289BEC6B00ABDB39 /* Frameworks */,
				7818FFE9289BEC6B00ABDB39 /* Resources */,
			);
			buildRules = (
			);
			dependencies = (
			);
			name = DateRangeSelector;
			productName = DateRangeSelector;
			productReference = 7818FFEB289BEC6B00ABDB39 /* DateRangeSelector.framework */;
			productType = "com.apple.product-type.framework";
		};
/* End PBXNativeTarget section */

/* Begin PBXProject section */
		7818FFE2289BEC6B00ABDB39 /* Project object */ = {
			isa = PBXProject;
			attributes = {
				BuildIndependentTargetsInParallel = 1;
				LastUpgradeCheck = 1340;
				TargetAttributes = {
					7818FFEA289BEC6B00ABDB39 = {
						CreatedOnToolsVersion = 13.4;
					};
				};
			};
			buildConfigurationList = 7818FFE5289BEC6B00ABDB39 /* Build configuration list for PBXProject "DateRangeSelector" */;
			compatibilityVersion = "Xcode 13.0";
			developmentRegion = en;
			hasScannedForEncodings = 0;
			knownRegions = (
				en,
				Base,
			);
			mainGroup = 7818FFE1289BEC6B00ABDB39;
			productRefGroup = 7818FFEC289BEC6B00ABDB39 /* Products */;
			projectDirPath = "";
			projectRoot = "";
			targets = (
				7818FFEA289BEC6B00ABDB39 /* DateRangeSelector */,
			);
		};
/* End PBXProject section */

/* Begin PBXResourcesBuildPhase section */
		7818FFE9289BEC6B00ABDB39 /* Resources */ = {
			isa = PBXResourcesBuildPhase;
			buildActionMask = 2147483647;
			files = (
				787EED3F289BECBD0089A028 /* MonthCollectionCell.xib in Resources */,
				787EED41289BECBD0089A028 /* DayCollectionCell.xib in Resources */,
				787EED3D289BECBD0089A028 /* CalendarView.xib in Resources */,
				787EED43289BECBD0089A028 /* WeekHeaderView.xib in Resources */,
			);
			runOnlyForDeploymentPostprocessing = 0;
		};
/* End PBXResourcesBuildPhase section */

/* Begin PBXSourcesBuildPhase section */
		7818FFE7289BEC6B00ABDB39 /* Sources */ = {
			isa = PBXSourcesBuildPhase;
			buildActionMask = 2147483647;
			files = (
				787EED40289BECBD0089A028 /* DayCollectionCell.swift in Sources */,
				787EED45289BECBD0089A028 /* WeekHeaderView.swift in Sources */,
				787EED46289BECBD0089A028 /* CalendarView.swift in Sources */,
				787EED42289BECBD0089A028 /* Extensions.swift in Sources */,
				787EED44289BECBD0089A028 /* CalendarLogic.swift in Sources */,
				787EED3E289BECBD0089A028 /* MonthCollectionCell.swift in Sources */,
			);
			runOnlyForDeploymentPostprocessing = 0;
		};
/* End PBXSourcesBuildPhase section */

/* Begin XCBuildConfiguration section */
		7818FFF0289BEC6B00ABDB39 /* Debug */ = {
			isa = XCBuildConfiguration;
			buildSettings = {
				ALWAYS_SEARCH_USER_PATHS = NO;
				CLANG_ANALYZER_NONNULL = YES;
				CLANG_ANALYZER_NUMBER_OBJECT_CONVERSION = YES_AGGRESSIVE;
				CLANG_CXX_LANGUAGE_STANDARD = "gnu++17";
				CLANG_ENABLE_MODULES = YES;
				CLANG_ENABLE_OBJC_ARC = YES;
				CLANG_ENABLE_OBJC_WEAK = YES;
				CLANG_WARN_BLOCK_CAPTURE_AUTORELEASING = YES;
				CLANG_WARN_BOOL_CONVERSION = YES;
				CLANG_WARN_COMMA = YES;
				CLANG_WARN_CONSTANT_CONVERSION = YES;
				CLANG_WARN_DEPRECATED_OBJC_IMPLEMENTATIONS = YES;
				CLANG_WARN_DIRECT_OBJC_ISA_USAGE = YES_ERROR;
				CLANG_WARN_DOCUMENTATION_COMMENTS = YES;
				CLANG_WARN_EMPTY_BODY = YES;
				CLANG_WARN_ENUM_CONVERSION = YES;
				CLANG_WARN_INFINITE_RECURSION = YES;
				CLANG_WARN_INT_CONVERSION = YES;
				CLANG_WARN_NON_LITERAL_NULL_CONVERSION = YES;
				CLANG_WARN_OBJC_IMPLICIT_RETAIN_SELF = YES;
				CLANG_WARN_OBJC_LITERAL_CONVERSION = YES;
				CLANG_WARN_OBJC_ROOT_CLASS = YES_ERROR;
				CLANG_WARN_QUOTED_INCLUDE_IN_FRAMEWORK_HEADER = YES;
				CLANG_WARN_RANGE_LOOP_ANALYSIS = YES;
				CLANG_WARN_STRICT_PROTOTYPES = YES;
				CLANG_WARN_SUSPICIOUS_MOVE = YES;
				CLANG_WARN_UNGUARDED_AVAILABILITY = YES_AGGRESSIVE;
				CLANG_WARN_UNREACHABLE_CODE = YES;
				CLANG_WARN__DUPLICATE_METHOD_MATCH = YES;
				COPY_PHASE_STRIP = NO;
				CURRENT_PROJECT_VERSION = 1;
				DEBUG_INFORMATION_FORMAT = dwarf;
				ENABLE_STRICT_OBJC_MSGSEND = YES;
				ENABLE_TESTABILITY = YES;
				GCC_C_LANGUAGE_STANDARD = gnu11;
				GCC_DYNAMIC_NO_PIC = NO;
				GCC_NO_COMMON_BLOCKS = YES;
				GCC_OPTIMIZATION_LEVEL = 0;
				GCC_PREPROCESSOR_DEFINITIONS = (
					"DEBUG=1",
					"$(inherited)",
				);
				GCC_WARN_64_TO_32_BIT_CONVERSION = YES;
				GCC_WARN_ABOUT_RETURN_TYPE = YES_ERROR;
				GCC_WARN_UNDECLARED_SELECTOR = YES;
				GCC_WARN_UNINITIALIZED_AUTOS = YES_AGGRESSIVE;
				GCC_WARN_UNUSED_FUNCTION = YES;
				GCC_WARN_UNUSED_VARIABLE = YES;
				IPHONEOS_DEPLOYMENT_TARGET = 15.5;
				MTL_ENABLE_DEBUG_INFO = INCLUDE_SOURCE;
				MTL_FAST_MATH = YES;
				ONLY_ACTIVE_ARCH = YES;
				SDKROOT = iphoneos;
				SWIFT_ACTIVE_COMPILATION_CONDITIONS = DEBUG;
				SWIFT_OPTIMIZATION_LEVEL = "-Onone";
				VERSIONING_SYSTEM = "apple-generic";
				VERSION_INFO_PREFIX = "";
			};
			name = Debug;
		};
		7818FFF1289BEC6B00ABDB39 /* Release */ = {
			isa = XCBuildConfiguration;
			buildSettings = {
				ALWAYS_SEARCH_USER_PATHS = NO;
				CLANG_ANALYZER_NONNULL = YES;
				CLANG_ANALYZER_NUMBER_OBJECT_CONVERSION = YES_AGGRESSIVE;
				CLANG_CXX_LANGUAGE_STANDARD = "gnu++17";
				CLANG_ENABLE_MODULES = YES;
				CLANG_ENABLE_OBJC_ARC = YES;
				CLANG_ENABLE_OBJC_WEAK = YES;
				CLANG_WARN_BLOCK_CAPTURE_AUTORELEASING = YES;
				CLANG_WARN_BOOL_CONVERSION = YES;
				CLANG_WARN_COMMA = YES;
				CLANG_WARN_CONSTANT_CONVERSION = YES;
				CLANG_WARN_DEPRECATED_OBJC_IMPLEMENTATIONS = YES;
				CLANG_WARN_DIRECT_OBJC_ISA_USAGE = YES_ERROR;
				CLANG_WARN_DOCUMENTATION_COMMENTS = YES;
				CLANG_WARN_EMPTY_BODY = YES;
				CLANG_WARN_ENUM_CONVERSION = YES;
				CLANG_WARN_INFINITE_RECURSION = YES;
				CLANG_WARN_INT_CONVERSION = YES;
				CLANG_WARN_NON_LITERAL_NULL_CONVERSION = YES;
				CLANG_WARN_OBJC_IMPLICIT_RETAIN_SELF = YES;
				CLANG_WARN_OBJC_LITERAL_CONVERSION = YES;
				CLANG_WARN_OBJC_ROOT_CLASS = YES_ERROR;
				CLANG_WARN_QUOTED_INCLUDE_IN_FRAMEWORK_HEADER = YES;
				CLANG_WARN_RANGE_LOOP_ANALYSIS = YES;
				CLANG_WARN_STRICT_PROTOTYPES = YES;
				CLANG_WARN_SUSPICIOUS_MOVE = YES;
				CLANG_WARN_UNGUARDED_AVAILABILITY = YES_AGGRESSIVE;
				CLANG_WARN_UNREACHABLE_CODE = YES;
				CLANG_WARN__DUPLICATE_METHOD_MATCH = YES;
				COPY_PHASE_STRIP = NO;
				CURRENT_PROJECT_VERSION = 1;
				DEBUG_INFORMATION_FORMAT = "dwarf-with-dsym";
				ENABLE_NS_ASSERTIONS = NO;
				ENABLE_STRICT_OBJC_MSGSEND = YES;
				GCC_C_LANGUAGE_STANDARD = gnu11;
				GCC_NO_COMMON_BLOCKS = YES;
				GCC_WARN_64_TO_32_BIT_CONVERSION = YES;
				GCC_WARN_ABOUT_RETURN_TYPE = YES_ERROR;
				GCC_WARN_UNDECLARED_SELECTOR = YES;
				GCC_WARN_UNINITIALIZED_AUTOS = YES_AGGRESSIVE;
				GCC_WARN_UNUSED_FUNCTION = YES;
				GCC_WARN_UNUSED_VARIABLE = YES;
				IPHONEOS_DEPLOYMENT_TARGET = 15.5;
				MTL_ENABLE_DEBUG_INFO = NO;
				MTL_FAST_MATH = YES;
				SDKROOT = iphoneos;
				SWIFT_COMPILATION_MODE = wholemodule;
				SWIFT_OPTIMIZATION_LEVEL = "-O";
				VALIDATE_PRODUCT = YES;
				VERSIONING_SYSTEM = "apple-generic";
				VERSION_INFO_PREFIX = "";
			};
			name = Release;
		};
		7818FFF3289BEC6B00ABDB39 /* Debug */ = {
			isa = XCBuildConfiguration;
			buildSettings = {
				CODE_SIGN_STYLE = Automatic;
				CURRENT_PROJECT_VERSION = 1;
				DEFINES_MODULE = YES;
				DEVELOPMENT_TEAM = 2HTH4FBG4Z;
				DYLIB_COMPATIBILITY_VERSION = 1;
				DYLIB_CURRENT_VERSION = 1;
				DYLIB_INSTALL_NAME_BASE = "@rpath";
				GENERATE_INFOPLIST_FILE = YES;
				INFOPLIST_KEY_NSHumanReadableCopyright = "";
				INSTALL_PATH = "$(LOCAL_LIBRARY_DIR)/Frameworks";
				IPHONEOS_DEPLOYMENT_TARGET = 12.0;
				LD_RUNPATH_SEARCH_PATHS = (
					"$(inherited)",
					"@executable_path/Frameworks",
					"@loader_path/Frameworks",
				);
				MARKETING_VERSION = 1.0;
				PRODUCT_BUNDLE_IDENTIFIER = com.dnc.DateRangeSelector;
				PRODUCT_NAME = "$(TARGET_NAME:c99extidentifier)";
				SKIP_INSTALL = YES;
				SUPPORTS_MACCATALYST = NO;
				SWIFT_EMIT_LOC_STRINGS = YES;
				SWIFT_VERSION = 5.0;
				TARGETED_DEVICE_FAMILY = "1,2";
			};
			name = Debug;
		};
		7818FFF4289BEC6B00ABDB39 /* Release */ = {
			isa = XCBuildConfiguration;
			buildSettings = {
				CODE_SIGN_STYLE = Automatic;
				CURRENT_PROJECT_VERSION = 1;
				DEFINES_MODULE = YES;
				DEVELOPMENT_TEAM = 2HTH4FBG4Z;
				DYLIB_COMPATIBILITY_VERSION = 1;
				DYLIB_CURRENT_VERSION = 1;
				DYLIB_INSTALL_NAME_BASE = "@rpath";
				GENERATE_INFOPLIST_FILE = YES;
				INFOPLIST_KEY_NSHumanReadableCopyright = "";
				INSTALL_PATH = "$(LOCAL_LIBRARY_DIR)/Frameworks";
				IPHONEOS_DEPLOYMENT_TARGET = 12.0;
				LD_RUNPATH_SEARCH_PATHS = (
					"$(inherited)",
					"@executable_path/Frameworks",
					"@loader_path/Frameworks",
				);
				MARKETING_VERSION = 1.0;
				PRODUCT_BUNDLE_IDENTIFIER = com.dnc.DateRangeSelector;
				PRODUCT_NAME = "$(TARGET_NAME:c99extidentifier)";
				SKIP_INSTALL = YES;
				SUPPORTS_MACCATALYST = NO;
				SWIFT_EMIT_LOC_STRINGS = YES;
				SWIFT_VERSION = 5.0;
				TARGETED_DEVICE_FAMILY = "1,2";
			};
			name = Release;
		};
/* End XCBuildConfiguration section */

/* Begin XCConfigurationList section */
		7818FFE5289BEC6B00ABDB39 /* Build configuration list for PBXProject "DateRangeSelector" */ = {
			isa = XCConfigurationList;
			buildConfigurations = (
				7818FFF0289BEC6B00ABDB39 /* Debug */,
				7818FFF1289BEC6B00ABDB39 /* Release */,
			);
			defaultConfigurationIsVisible = 0;
			defaultConfigurationName = Release;
		};
		7818FFF2289BEC6B00ABDB39 /* Build configuration list for PBXNativeTarget "DateRangeSelector" */ = {
			isa = XCConfigurationList;
			buildConfigurations = (
				7818FFF3289BEC6B00ABDB39 /* Debug */,
				7818FFF4289BEC6B00ABDB39 /* Release */,
			);
			defaultConfigurationIsVisible = 0;
			defaultConfigurationName = Release;
		};
/* End XCConfigurationList section */
	};
	rootObject = 7818FFE2289BEC6B00ABDB39 /* Project object */;
}
